
Microsoft Visual Studio Solution File, Format Version 12.00
# Visual Studio Version 17
VisualStudioVersion = 17.9.34728.123
MinimumVisualStudioVersion = 10.0.40219.1
Project("{FAE04EC0-301F-11D3-BF4B-00C04F79EFBC}") = "pttk", "pttk\pttk.csproj", "{9C942A9E-06E2-40C4-B2BE-ECE061D9ED44}"
EndProject
Global
	GlobalSection(SolutionConfigurationPlatforms) = preSolution
		Debug|Any CPU = Debug|Any CPU
		Release|Any CPU = Release|Any CPU
	EndGlobalSection
	GlobalSection(ProjectConfigurationPlatforms) = postSolution
		{9C942A9E-06E2-40C4-B2BE-ECE061D9ED44}.Debug|Any CPU.ActiveCfg = Debug|Any CPU
		{9C942A9E-06E2-40C4-B2BE-ECE061D9ED44}.Debug|Any CPU.Build.0 = Debug|Any CPU
		{9C942A9E-06E2-40C4-B2BE-ECE061D9ED44}.Release|Any CPU.ActiveCfg = Release|Any CPU
		{9C942A9E-06E2-40C4-B2BE-ECE061D9ED44}.Release|Any CPU.Build.0 = Release|Any CPU
	EndGlobalSection
	GlobalSection(SolutionProperties) = preSolution
		HideSolutionNode = FALSE
	EndGlobalSection
	GlobalSection(ExtensibilityGlobals) = postSolution
		SolutionGuid = {6DBBF12E-2F5A-4237-9857-55FE556190E7}
	EndGlobalSection
EndGlobal
